
Microsoft Visual Studio Solution File, Format Version 12.00
# Visual Studio Version 16
VisualStudioVersion = 16.0.30011.22
MinimumVisualStudioVersion = 10.0.40219.1
Project("{FAE04EC0-301F-11D3-BF4B-00C04F79EFBC}") = "MusicPlayerApp", "MusicPlayerApp.csproj", "{9381A64E-8232-43A5-84D9-8681F1812A5A}"
EndProject
Global
	GlobalSection(SolutionConfigurationPlatforms) = preSolution
		Debug|Any CPU = Debug|Any CPU
		Release|Any CPU = Release|Any CPU
	EndGlobalSection
	GlobalSection(ProjectConfigurationPlatforms) = postSolution
		{9381A64E-8232-43A5-84D9-8681F1812A5A}.Debug|Any CPU.ActiveCfg = Debug|Any CPU
		{9381A64E-8232-43A5-84D9-8681F1812A5A}.Debug|Any CPU.Build.0 = Debug|Any CPU
		{9381A64E-8232-43A5-84D9-8681F1812A5A}.Release|Any CPU.ActiveCfg = Release|Any CPU
		{9381A64E-8232-43A5-84D9-8681F1812A5A}.Release|Any CPU.Build.0 = Release|Any CPU
	EndGlobalSection
	GlobalSection(SolutionProperties) = preSolution
		HideSolutionNode = FALSE
	EndGlobalSection
	GlobalSection(ExtensibilityGlobals) = postSolution
		SolutionGuid = {059194D0-36EA-44CE-A6EB-E6FC9954013C}
	EndGlobalSection
EndGlobal
